
Microsoft Visual Studio Solution File, Format Version 12.00
# Visual Studio Version 17
VisualStudioVersion = 17.0.32112.339
MinimumVisualStudioVersion = 10.0.40219.1
Project("{9A19103F-16F7-4668-BE54-9A1E7A4F7556}") = "Example1", "Example1\Example1.csproj", "{21392FEE-17CE-490C-B480-E33BB8870154}"
EndProject
Project("{9A19103F-16F7-4668-BE54-9A1E7A4F7556}") = "Example1-Version5", "Example1-Version5\Example1-Version5.csproj", "{1262E329-1750-4214-89B4-43BC521BAA4F}"
EndProject
Project("{9A19103F-16F7-4668-BE54-9A1E7A4F7556}") = "Conditional-Example1", "Conditional-Example1\Conditional-Example1.csproj", "{B7BB3923-8C73-4593-B856-19F731BE44D4}"
EndProject
Project("{9A19103F-16F7-4668-BE54-9A1E7A4F7556}") = "Loops-Example3", "Loops-Example3\Loops-Example3.csproj", "{5E507863-E35E-495F-AA91-0204000DC357}"
EndProject
Project("{9A19103F-16F7-4668-BE54-9A1E7A4F7556}") = "StringManipulation", "StringManipulation\StringManipulation.csproj", "{C9989C5F-DFF7-48B8-BA16-4E7057782F48}"
EndProject
Project("{9A19103F-16F7-4668-BE54-9A1E7A4F7556}") = "Collections-Arrays", "Collections-Arrays\Collections-Arrays.csproj", "{485B4495-D57A-46BC-9D9C-D391B4F4B68C}"
EndProject
Project("{9A19103F-16F7-4668-BE54-9A1E7A4F7556}") = "Collections-Lists", "Collections-Lists\Collections-Lists.csproj", "{00DF07AB-6248-4D21-8350-0B866A6A4E93}"
EndProject
Project("{9A19103F-16F7-4668-BE54-9A1E7A4F7556}") = "Collections-Dictionaries", "Collections-Dictionaries\Collections-Dictionaries.csproj", "{CE78AD67-5EE1-4966-851E-820846385487}"
EndProject
Project("{FAE04EC0-301F-11D3-BF4B-00C04F79EFBC}") = "Functions-Example1", "Functions-Example1\Functions-Example1.csproj", "{91311369-D2B1-4207-8F9F-FE69E0B7DB82}"
EndProject
Global
	GlobalSection(SolutionConfigurationPlatforms) = preSolution
		Debug|Any CPU = Debug|Any CPU
		Release|Any CPU = Release|Any CPU
	EndGlobalSection
	GlobalSection(ProjectConfigurationPlatforms) = postSolution
		{21392FEE-17CE-490C-B480-E33BB8870154}.Debug|Any CPU.ActiveCfg = Debug|Any CPU
		{21392FEE-17CE-490C-B480-E33BB8870154}.Debug|Any CPU.Build.0 = Debug|Any CPU
		{21392FEE-17CE-490C-B480-E33BB8870154}.Release|Any CPU.ActiveCfg = Release|Any CPU
		{21392FEE-17CE-490C-B480-E33BB8870154}.Release|Any CPU.Build.0 = Release|Any CPU
		{1262E329-1750-4214-89B4-43BC521BAA4F}.Debug|Any CPU.ActiveCfg = Debug|Any CPU
		{1262E329-1750-4214-89B4-43BC521BAA4F}.Debug|Any CPU.Build.0 = Debug|Any CPU
		{1262E329-1750-4214-89B4-43BC521BAA4F}.Release|Any CPU.ActiveCfg = Release|Any CPU
		{1262E329-1750-4214-89B4-43BC521BAA4F}.Release|Any CPU.Build.0 = Release|Any CPU
		{B7BB3923-8C73-4593-B856-19F731BE44D4}.Debug|Any CPU.ActiveCfg = Debug|Any CPU
		{B7BB3923-8C73-4593-B856-19F731BE44D4}.Debug|Any CPU.Build.0 = Debug|Any CPU
		{B7BB3923-8C73-4593-B856-19F731BE44D4}.Release|Any CPU.ActiveCfg = Release|Any CPU
		{B7BB3923-8C73-4593-B856-19F731BE44D4}.Release|Any CPU.Build.0 = Release|Any CPU
		{5E507863-E35E-495F-AA91-0204000DC357}.Debug|Any CPU.ActiveCfg = Debug|Any CPU
		{5E507863-E35E-495F-AA91-0204000DC357}.Debug|Any CPU.Build.0 = Debug|Any CPU
		{5E507863-E35E-495F-AA91-0204000DC357}.Release|Any CPU.ActiveCfg = Release|Any CPU
		{5E507863-E35E-495F-AA91-0204000DC357}.Release|Any CPU.Build.0 = Release|Any CPU
		{C9989C5F-DFF7-48B8-BA16-4E7057782F48}.Debug|Any CPU.ActiveCfg = Debug|Any CPU
		{C9989C5F-DFF7-48B8-BA16-4E7057782F48}.Debug|Any CPU.Build.0 = Debug|Any CPU
		{C9989C5F-DFF7-48B8-BA16-4E7057782F48}.Release|Any CPU.ActiveCfg = Release|Any CPU
		{C9989C5F-DFF7-48B8-BA16-4E7057782F48}.Release|Any CPU.Build.0 = Release|Any CPU
		{485B4495-D57A-46BC-9D9C-D391B4F4B68C}.Debug|Any CPU.ActiveCfg = Debug|Any CPU
		{485B4495-D57A-46BC-9D9C-D391B4F4B68C}.Debug|Any CPU.Build.0 = Debug|Any CPU
		{485B4495-D57A-46BC-9D9C-D391B4F4B68C}.Release|Any CPU.ActiveCfg = Release|Any CPU
		{485B4495-D57A-46BC-9D9C-D391B4F4B68C}.Release|Any CPU.Build.0 = Release|Any CPU
		{00DF07AB-6248-4D21-8350-0B866A6A4E93}.Debug|Any CPU.ActiveCfg = Debug|Any CPU
		{00DF07AB-6248-4D21-8350-0B866A6A4E93}.Debug|Any CPU.Build.0 = Debug|Any CPU
		{00DF07AB-6248-4D21-8350-0B866A6A4E93}.Release|Any CPU.ActiveCfg = Release|Any CPU
		{00DF07AB-6248-4D21-8350-0B866A6A4E93}.Release|Any CPU.Build.0 = Release|Any CPU
		{CE78AD67-5EE1-4966-851E-820846385487}.Debug|Any CPU.ActiveCfg = Debug|Any CPU
		{CE78AD67-5EE1-4966-851E-820846385487}.Debug|Any CPU.Build.0 = Debug|Any CPU
		{CE78AD67-5EE1-4966-851E-820846385487}.Release|Any CPU.ActiveCfg = Release|Any CPU
		{CE78AD67-5EE1-4966-851E-820846385487}.Release|Any CPU.Build.0 = Release|Any CPU
		{91311369-D2B1-4207-8F9F-FE69E0B7DB82}.Debug|Any CPU.ActiveCfg = Debug|Any CPU
		{91311369-D2B1-4207-8F9F-FE69E0B7DB82}.Debug|Any CPU.Build.0 = Debug|Any CPU
		{91311369-D2B1-4207-8F9F-FE69E0B7DB82}.Release|Any CPU.ActiveCfg = Release|Any CPU
		{91311369-D2B1-4207-8F9F-FE69E0B7DB82}.Release|Any CPU.Build.0 = Release|Any CPU
	EndGlobalSection
	GlobalSection(SolutionProperties) = preSolution
		HideSolutionNode = FALSE
	EndGlobalSection
	GlobalSection(ExtensibilityGlobals) = postSolution
		SolutionGuid = {0E469A1B-CD87-40B2-AB84-C47969520B84}
	EndGlobalSection
EndGlobal
